// !$*UTF8*$!
{
	archiveVersion = 1;
	classes = {
	};
	objectVersion = 46;
	objects = {

/* Begin PBXBuildFile section */
		F2F812971B387E56006DE37B /* main.m in Sources */ = {isa = PBXBuildFile; fileRef = F2F812961B387E56006DE37B /* main.m */; };
		F2F8129A1B387E56006DE37B /* AppDelegate.m in Sources */ = {isa = PBXBuildFile; fileRef = F2F812991B387E56006DE37B /* AppDelegate.m */; };
		F2F8129D1B387E56006DE37B /* SimpleViewController.m in Sources */ = {isa = PBXBuildFile; fileRef = F2F8129C1B387E56006DE37B /* SimpleViewController.m */; };
		F2F812A01B387E56006DE37B /* Main.storyboard in Resources */ = {isa = PBXBuildFile; fileRef = F2F8129E1B387E56006DE37B /* Main.storyboard */; };
		F2F812A21B387E56006DE37B /* Images.xcassets in Resources */ = {isa = PBXBuildFile; fileRef = F2F812A11B387E56006DE37B /* Images.xcassets */; };
		F2F812A51B387E56006DE37B /* LaunchScreen.xib in Resources */ = {isa = PBXBuildFile; fileRef = F2F812A31B387E56006DE37B /* LaunchScreen.xib */; };
		F2F812B11B387E56006DE37B /* ios_example_autolayout_of_child_container_viewsTests.m in Sources */ = {isa = PBXBuildFile; fileRef = F2F812B01B387E56006DE37B /* ios_example_autolayout_of_child_container_viewsTests.m */; };
/* End PBXBuildFile section */

/* Begin PBXContainerItemProxy section */
		F2F812AB1B387E56006DE37B /* PBXContainerItemProxy */ = {
			isa = PBXContainerItemProxy;
			containerPortal = F2F812891B387E56006DE37B /* Project object */;
			proxyType = 1;
			remoteGlobalIDString = F2F812901B387E56006DE37B;
			remoteInfo = "ios-example-autolayout-of-child-container-views";
		};
/* End PBXContainerItemProxy section */

/* Begin PBXFileReference section */
		F2F812911B387E56006DE37B /* ios-example-autolayout-of-child-container-views.app */ = {isa = PBXFileReference; explicitFileType = wrapper.application; includeInIndex = 0; path = "ios-example-autolayout-of-child-container-views.app"; sourceTree = BUILT_PRODUCTS_DIR; };
		F2F812951B387E56006DE37B /* Info.plist */ = {isa = PBXFileReference; lastKnownFileType = text.plist.xml; path = Info.plist; sourceTree = "<group>"; };
		F2F812961B387E56006DE37B /* main.m */ = {isa = PBXFileReference; lastKnownFileType = sourcecode.c.objc; path = main.m; sourceTree = "<group>"; };
		F2F812981B387E56006DE37B /* AppDelegate.h */ = {isa = PBXFileReference; lastKnownFileType = sourcecode.c.h; path = AppDelegate.h; sourceTree = "<group>"; };
		F2F812991B387E56006DE37B /* AppDelegate.m */ = {isa = PBXFileReference; lastKnownFileType = sourcecode.c.objc; path = AppDelegate.m; sourceTree = "<group>"; };
		F2F8129B1B387E56006DE37B /* SimpleViewController.h */ = {isa = PBXFileReference; lastKnownFileType = sourcecode.c.h; path = SimpleViewController.h; sourceTree = "<group>"; };
		F2F8129C1B387E56006DE37B /* SimpleViewController.m */ = {isa = PBXFileReference; lastKnownFileType = sourcecode.c.objc; path = SimpleViewController.m; sourceTree = "<group>"; };
		F2F8129F1B387E56006DE37B /* Base */ = {isa = PBXFileReference; lastKnownFileType = file.storyboard; name = Base; path = Base.lproj/Main.storyboard; sourceTree = "<group>"; };
		F2F812A11B387E56006DE37B /* Images.xcassets */ = {isa = PBXFileReference; lastKnownFileType = folder.assetcatalog; path = Images.xcassets; sourceTree = "<group>"; };
		F2F812A41B387E56006DE37B /* Base */ = {isa = PBXFileReference; lastKnownFileType = file.xib; name = Base; path = Base.lproj/LaunchScreen.xib; sourceTree = "<group>"; };
		F2F812AA1B387E56006DE37B /* ios-example-autolayout-of-child-container-viewsTests.xctest */ = {isa = PBXFileReference; explicitFileType = wrapper.cfbundle; includeInIndex = 0; path = "ios-example-autolayout-of-child-container-viewsTests.xctest"; sourceTree = BUILT_PRODUCTS_DIR; };
		F2F812AF1B387E56006DE37B /* Info.plist */ = {isa = PBXFileReference; lastKnownFileType = text.plist.xml; path = Info.plist; sourceTree = "<group>"; };
		F2F812B01B387E56006DE37B /* ios_example_autolayout_of_child_container_viewsTests.m */ = {isa = PBXFileReference; lastKnownFileType = sourcecode.c.objc; path = ios_example_autolayout_of_child_container_viewsTests.m; sourceTree = "<group>"; };
/* End PBXFileReference section */

/* Begin PBXFrameworksBuildPhase section */
		F2F8128E1B387E56006DE37B /* Frameworks */ = {
			isa = PBXFrameworksBuildPhase;
			buildActionMask = 2147483647;
			files = (
			);
			runOnlyForDeploymentPostprocessing = 0;
		};
		F2F812A71B387E56006DE37B /* Frameworks */ = {
			isa = PBXFrameworksBuildPhase;
			buildActionMask = 2147483647;
			files = (
			);
			runOnlyForDeploymentPostprocessing = 0;
		};
/* End PBXFrameworksBuildPhase section */

/* Begin PBXGroup section */
		F2F812881B387E56006DE37B = {
			isa = PBXGroup;
			children = (
				F2F812931B387E56006DE37B /* ios-example-autolayout-of-child-container-views */,
				F2F812AD1B387E56006DE37B /* ios-example-autolayout-of-child-container-viewsTests */,
				F2F812921B387E56006DE37B /* Products */,
			);
			sourceTree = "<group>";
		};
		F2F812921B387E56006DE37B /* Products */ = {
			isa = PBXGroup;
			children = (
				F2F812911B387E56006DE37B /* ios-example-autolayout-of-child-container-views.app */,
				F2F812AA1B387E56006DE37B /* ios-example-autolayout-of-child-container-viewsTests.xctest */,
			);
			name = Products;
			sourceTree = "<group>";
		};
		F2F812931B387E56006DE37B /* ios-example-autolayout-of-child-container-views */ = {
			isa = PBXGroup;
			children = (
				F2F812981B387E56006DE37B /* AppDelegate.h */,
				F2F812991B387E56006DE37B /* AppDelegate.m */,
				F2F8129B1B387E56006DE37B /* SimpleViewController.h */,
				F2F8129C1B387E56006DE37B /* SimpleViewController.m */,
				F2F8129E1B387E56006DE37B /* Main.storyboard */,
				F2F812A11B387E56006DE37B /* Images.xcassets */,
				F2F812A31B387E56006DE37B /* LaunchScreen.xib */,
				F2F812941B387E56006DE37B /* Supporting Files */,
			);
			path = "ios-example-autolayout-of-child-container-views";
			sourceTree = "<group>";
		};
		F2F812941B387E56006DE37B /* Supporting Files */ = {
			isa = PBXGroup;
			children = (
				F2F812951B387E56006DE37B /* Info.plist */,
				F2F812961B387E56006DE37B /* main.m */,
			);
			name = "Supporting Files";
			sourceTree = "<group>";
		};
		F2F812AD1B387E56006DE37B /* ios-example-autolayout-of-child-container-viewsTests */ = {
			isa = PBXGroup;
			children = (
				F2F812B01B387E56006DE37B /* ios_example_autolayout_of_child_container_viewsTests.m */,
				F2F812AE1B387E56006DE37B /* Supporting Files */,
			);
			path = "ios-example-autolayout-of-child-container-viewsTests";
			sourceTree = "<group>";
		};
		F2F812AE1B387E56006DE37B /* Supporting Files */ = {
			isa = PBXGroup;
			children = (
				F2F812AF1B387E56006DE37B /* Info.plist */,
			);
			name = "Supporting Files";
			sourceTree = "<group>";
		};
/* End PBXGroup section */

/* Begin PBXNativeTarget section */
		F2F812901B387E56006DE37B /* ios-example-autolayout-of-child-container-views */ = {
			isa = PBXNativeTarget;
			buildConfigurationList = F2F812B41B387E56006DE37B /* Build configuration list for PBXNativeTarget "ios-example-autolayout-of-child-container-views" */;
			buildPhases = (
				F2F8128D1B387E56006DE37B /* Sources */,
				F2F8128E1B387E56006DE37B /* Frameworks */,
				F2F8128F1B387E56006DE37B /* Resources */,
			);
			buildRules = (
			);
			dependencies = (
			);
			name = "ios-example-autolayout-of-child-container-views";
			productName = "ios-example-autolayout-of-child-container-views";
			productReference = F2F812911B387E56006DE37B /* ios-example-autolayout-of-child-container-views.app */;
			productType = "com.apple.product-type.application";
		};
		F2F812A91B387E56006DE37B /* ios-example-autolayout-of-child-container-viewsTests */ = {
			isa = PBXNativeTarget;
			buildConfigurationList = F2F812B71B387E56006DE37B /* Build configuration list for PBXNativeTarget "ios-example-autolayout-of-child-container-viewsTests" */;
			buildPhases = (
				F2F812A61B387E56006DE37B /* Sources */,
				F2F812A71B387E56006DE37B /* Frameworks */,
				F2F812A81B387E56006DE37B /* Resources */,
			);
			buildRules = (
			);
			dependencies = (
				F2F812AC1B387E56006DE37B /* PBXTargetDependency */,
			);
			name = "ios-example-autolayout-of-child-container-viewsTests";
			productName = "ios-example-autolayout-of-child-container-viewsTests";
			productReference = F2F812AA1B387E56006DE37B /* ios-example-autolayout-of-child-container-viewsTests.xctest */;
			productType = "com.apple.product-type.bundle.unit-test";
		};
/* End PBXNativeTarget section */

/* Begin PBXProject section */
		F2F812891B387E56006DE37B /* Project object */ = {
			isa = PBXProject;
			attributes = {
				LastUpgradeCheck = 0630;
				ORGANIZATIONNAME = "Murray Cumming";
				TargetAttributes = {
					F2F812901B387E56006DE37B = {
						CreatedOnToolsVersion = 6.3.2;
					};
					F2F812A91B387E56006DE37B = {
						CreatedOnToolsVersion = 6.3.2;
						TestTargetID = F2F812901B387E56006DE37B;
					};
				};
			};
			buildConfigurationList = F2F8128C1B387E56006DE37B /* Build configuration list for PBXProject "ios-example-autolayout-of-child-container-views" */;
			compatibilityVersion = "Xcode 3.2";
			developmentRegion = English;
			hasScannedForEncodings = 0;
			knownRegions = (
				en,
				Base,
			);
			mainGroup = F2F812881B387E56006DE37B;
			productRefGroup = F2F812921B387E56006DE37B /* Products */;
			projectDirPath = "";
			projectRoot = "";
			targets = (
				F2F812901B387E56006DE37B /* ios-example-autolayout-of-child-container-views */,
				F2F812A91B387E56006DE37B /* ios-example-autolayout-of-child-container-viewsTests */,
			);
		};
/* End PBXProject section */

/* Begin PBXResourcesBuildPhase section */
		F2F8128F1B387E56006DE37B /* Resources */ = {
			isa = PBXResourcesBuildPhase;
			buildActionMask = 2147483647;
			files = (
				F2F812A01B387E56006DE37B /* Main.storyboard in Resources */,
				F2F812A51B387E56006DE37B /* LaunchScreen.xib in Resources */,
				F2F812A21B387E56006DE37B /* Images.xcassets in Resources */,
			);
			runOnlyForDeploymentPostprocessing = 0;
		};
		F2F812A81B387E56006DE37B /* Resources */ = {
			isa = PBXResourcesBuildPhase;
			buildActionMask = 2147483647;
			files = (
			);
			runOnlyForDeploymentPostprocessing = 0;
		};
/* End PBXResourcesBuildPhase section */

/* Begin PBXSourcesBuildPhase section */
		F2F8128D1B387E56006DE37B /* Sources */ = {
			isa = PBXSourcesBuildPhase;
			buildActionMask = 2147483647;
			files = (
				F2F8129D1B387E56006DE37B /* SimpleViewController.m in Sources */,
				F2F8129A1B387E56006DE37B /* AppDelegate.m in Sources */,
				F2F812971B387E56006DE37B /* main.m in Sources */,
			);
			runOnlyForDeploymentPostprocessing = 0;
		};
		F2F812A61B387E56006DE37B /* Sources */ = {
			isa = PBXSourcesBuildPhase;
			buildActionMask = 2147483647;
			files = (
				F2F812B11B387E56006DE37B /* ios_example_autolayout_of_child_container_viewsTests.m in Sources */,
			);
			runOnlyForDeploymentPostprocessing = 0;
		};
/* End PBXSourcesBuildPhase section */

/* Begin PBXTargetDependency section */
		F2F812AC1B387E56006DE37B /* PBXTargetDependency */ = {
			isa = PBXTargetDependency;
			target = F2F812901B387E56006DE37B /* ios-example-autolayout-of-child-container-views */;
			targetProxy = F2F812AB1B387E56006DE37B /* PBXContainerItemProxy */;
		};
/* End PBXTargetDependency section */

/* Begin PBXVariantGroup section */
		F2F8129E1B387E56006DE37B /* Main.storyboard */ = {
			isa = PBXVariantGroup;
			children = (
				F2F8129F1B387E56006DE37B /* Base */,
			);
			name = Main.storyboard;
			sourceTree = "<group>";
		};
		F2F812A31B387E56006DE37B /* LaunchScreen.xib */ = {
			isa = PBXVariantGroup;
			children = (
				F2F812A41B387E56006DE37B /* Base */,
			);
			name = LaunchScreen.xib;
			sourceTree = "<group>";
		};
/* End PBXVariantGroup section */

/* Begin XCBuildConfiguration section */
		F2F812B21B387E56006DE37B /* Debug */ = {
			isa = XCBuildConfiguration;
			buildSettings = {
				ALWAYS_SEARCH_USER_PATHS = NO;
				CLANG_CXX_LANGUAGE_STANDARD = "gnu++0x";
				CLANG_CXX_LIBRARY = "libc++";
				CLANG_ENABLE_MODULES = YES;
				CLANG_ENABLE_OBJC_ARC = YES;
				CLANG_WARN_BOOL_CONVERSION = YES;
				CLANG_WARN_CONSTANT_CONVERSION = YES;
				CLANG_WARN_DIRECT_OBJC_ISA_USAGE = YES_ERROR;
				CLANG_WARN_EMPTY_BODY = YES;
				CLANG_WARN_ENUM_CONVERSION = YES;
				CLANG_WARN_INT_CONVERSION = YES;
				CLANG_WARN_OBJC_ROOT_CLASS = YES_ERROR;
				CLANG_WARN_UNREACHABLE_CODE = YES;
				CLANG_WARN__DUPLICATE_METHOD_MATCH = YES;
				"CODE_SIGN_IDENTITY[sdk=iphoneos*]" = "iPhone Developer";
				COPY_PHASE_STRIP = NO;
				DEBUG_INFORMATION_FORMAT = "dwarf-with-dsym";
				ENABLE_STRICT_OBJC_MSGSEND = YES;
				GCC_C_LANGUAGE_STANDARD = gnu99;
				GCC_DYNAMIC_NO_PIC = NO;
				GCC_NO_COMMON_BLOCKS = YES;
				GCC_OPTIMIZATION_LEVEL = 0;
				GCC_PREPROCESSOR_DEFINITIONS = (
					"DEBUG=1",
					"$(inherited)",
				);
				GCC_SYMBOLS_PRIVATE_EXTERN = NO;
				GCC_WARN_64_TO_32_BIT_CONVERSION = YES;
				GCC_WARN_ABOUT_RETURN_TYPE = YES_ERROR;
				GCC_WARN_UNDECLARED_SELECTOR = YES;
				GCC_WARN_UNINITIALIZED_AUTOS = YES_AGGRESSIVE;
				GCC_WARN_UNUSED_FUNCTION = YES;
				GCC_WARN_UNUSED_VARIABLE = YES;
				IPHONEOS_DEPLOYMENT_TARGET = 8.3;
				MTL_ENABLE_DEBUG_INFO = YES;
				ONLY_ACTIVE_ARCH = YES;
				SDKROOT = iphoneos;
				TARGETED_DEVICE_FAMILY = "1,2";
			};
			name = Debug;
		};
		F2F812B31B387E56006DE37B /* Release */ = {
			isa = XCBuildConfiguration;
			buildSettings = {
				ALWAYS_SEARCH_USER_PATHS = NO;
				CLANG_CXX_LANGUAGE_STANDARD = "gnu++0x";
				CLANG_CXX_LIBRARY = "libc++";
				CLANG_ENABLE_MODULES = YES;
				CLANG_ENABLE_OBJC_ARC = YES;
				CLANG_WARN_BOOL_CONVERSION = YES;
				CLANG_WARN_CONSTANT_CONVERSION = YES;
				CLANG_WARN_DIRECT_OBJC_ISA_USAGE = YES_ERROR;
				CLANG_WARN_EMPTY_BODY = YES;
				CLANG_WARN_ENUM_CONVERSION = YES;
				CLANG_WARN_INT_CONVERSION = YES;
				CLANG_WARN_OBJC_ROOT_CLASS = YES_ERROR;
				CLANG_WARN_UNREACHABLE_CODE = YES;
				CLANG_WARN__DUPLICATE_METHOD_MATCH = YES;
				"CODE_SIGN_IDENTITY[sdk=iphoneos*]" = "iPhone Developer";
				COPY_PHASE_STRIP = NO;
				DEBUG_INFORMATION_FORMAT = "dwarf-with-dsym";
				ENABLE_NS_ASSERTIONS = NO;
				ENABLE_STRICT_OBJC_MSGSEND = YES;
				GCC_C_LANGUAGE_STANDARD = gnu99;
				GCC_NO_COMMON_BLOCKS = YES;
				GCC_WARN_64_TO_32_BIT_CONVERSION = YES;
				GCC_WARN_ABOUT_RETURN_TYPE = YES_ERROR;
				GCC_WARN_UNDECLARED_SELECTOR = YES;
				GCC_WARN_UNINITIALIZED_AUTOS = YES_AGGRESSIVE;
				GCC_WARN_UNUSED_FUNCTION = YES;
				GCC_WARN_UNUSED_VARIABLE = YES;
				IPHONEOS_DEPLOYMENT_TARGET = 8.3;
				MTL_ENABLE_DEBUG_INFO = NO;
				SDKROOT = iphoneos;
				TARGETED_DEVICE_FAMILY = "1,2";
				VALIDATE_PRODUCT = YES;
			};
			name = Release;
		};
		F2F812B51B387E56006DE37B /* Debug */ = {
			isa = XCBuildConfiguration;
			buildSettings = {
				ASSETCATALOG_COMPILER_APPICON_NAME = AppIcon;
				INFOPLIST_FILE = "ios-example-autolayout-of-child-container-views/Info.plist";
				LD_RUNPATH_SEARCH_PATHS = "$(inherited) @executable_path/Frameworks";
				PRODUCT_NAME = "$(TARGET_NAME)";
			};
			name = Debug;
		};
		F2F812B61B387E56006DE37B /* Release */ = {
			isa = XCBuildConfiguration;
			buildSettings = {
				ASSETCATALOG_COMPILER_APPICON_NAME = AppIcon;
				INFOPLIST_FILE = "ios-example-autolayout-of-child-container-views/Info.plist";
				LD_RUNPATH_SEARCH_PATHS = "$(inherited) @executable_path/Frameworks";
				PRODUCT_NAME = "$(TARGET_NAME)";
			};
			name = Release;
		};
		F2F812B81B387E56006DE37B /* Debug */ = {
			isa = XCBuildConfiguration;
			buildSettings = {
				BUNDLE_LOADER = "$(TEST_HOST)";
				FRAMEWORK_SEARCH_PATHS = (
					"$(SDKROOT)/Developer/Library/Frameworks",
					"$(inherited)",
				);
				GCC_PREPROCESSOR_DEFINITIONS = (
					"DEBUG=1",
					"$(inherited)",
				);
				INFOPLIST_FILE = "ios-example-autolayout-of-child-container-viewsTests/Info.plist";
				LD_RUNPATH_SEARCH_PATHS = "$(inherited) @executable_path/Frameworks @loader_path/Frameworks";
				PRODUCT_NAME = "$(TARGET_NAME)";
				TEST_HOST = "$(BUILT_PRODUCTS_DIR)/ios-example-autolayout-of-child-container-views.app/ios-example-autolayout-of-child-container-views";
			};
			name = Debug;
		};
		F2F812B91B387E56006DE37B /* Release */ = {
			isa = XCBuildConfiguration;
			buildSettings = {
				BUNDLE_LOADER = "$(TEST_HOST)";
				FRAMEWORK_SEARCH_PATHS = (
					"$(SDKROOT)/Developer/Library/Frameworks",
					"$(inherited)",
				);
				INFOPLIST_FILE = "ios-example-autolayout-of-child-container-viewsTests/Info.plist";
				LD_RUNPATH_SEARCH_PATHS = "$(inherited) @executable_path/Frameworks @loader_path/Frameworks";
				PRODUCT_NAME = "$(TARGET_NAME)";
				TEST_HOST = "$(BUILT_PRODUCTS_DIR)/ios-example-autolayout-of-child-container-views.app/ios-example-autolayout-of-child-container-views";
			};
			name = Release;
		};
/* End XCBuildConfiguration section */

/* Begin XCConfigurationList section */
		F2F8128C1B387E56006DE37B /* Build configuration list for PBXProject "ios-example-autolayout-of-child-container-views" */ = {
			isa = XCConfigurationList;
			buildConfigurations = (
				F2F812B21B387E56006DE37B /* Debug */,
				F2F812B31B387E56006DE37B /* Release */,
			);
			defaultConfigurationIsVisible = 0;
			defaultConfigurationName = Release;
		};
		F2F812B41B387E56006DE37B /* Build configuration list for PBXNativeTarget "ios-example-autolayout-of-child-container-views" */ = {
			isa = XCConfigurationList;
			buildConfigurations = (
				F2F812B51B387E56006DE37B /* Debug */,
				F2F812B61B387E56006DE37B /* Release */,
			);
			defaultConfigurationIsVisible = 0;
			defaultConfigurationName = Release;
		};
		F2F812B71B387E56006DE37B /* Build configuration list for PBXNativeTarget "ios-example-autolayout-of-child-container-viewsTests" */ = {
			isa = XCConfigurationList;
			buildConfigurations = (
				F2F812B81B387E56006DE37B /* Debug */,
				F2F812B91B387E56006DE37B /* Release */,
			);
			defaultConfigurationIsVisible = 0;
			defaultConfigurationName = Release;
		};
/* End XCConfigurationList section */
	};
	rootObject = F2F812891B387E56006DE37B /* Project object */;
}
